// !$*UTF8*$!
{
	archiveVersion = 1;
	classes = {
	};
	objectVersion = 56;
	objects = {

/* Begin PBXBuildFile section */
		91B98F3E2964CF5E009DE840 /* TodoMvvmSwiftUIApp.swift in Sources */ = {isa = PBXBuildFile; fileRef = 91B98F3D2964CF5E009DE840 /* TodoMvvmSwiftUIApp.swift */; };
		91B98F422964CF5F009DE840 /* Assets.xcassets in Resources */ = {isa = PBXBuildFile; fileRef = 91B98F412964CF5F009DE840 /* Assets.xcassets */; };
		91B98F462964CF5F009DE840 /* Preview Assets.xcassets in Resources */ = {isa = PBXBuildFile; fileRef = 91B98F452964CF5F009DE840 /* Preview Assets.xcassets */; };
		91B98F4E2964D0B6009DE840 /* ListView.swift in Sources */ = {isa = PBXBuildFile; fileRef = 91B98F4D2964D0B6009DE840 /* ListView.swift */; };
		91B98F502964D1B0009DE840 /* ListRowView.swift in Sources */ = {isa = PBXBuildFile; fileRef = 91B98F4F2964D1B0009DE840 /* ListRowView.swift */; };
		91B98F522964D3B6009DE840 /* AddView.swift in Sources */ = {isa = PBXBuildFile; fileRef = 91B98F512964D3B6009DE840 /* AddView.swift */; };
		91B98F552964D5BB009DE840 /* ItemModel.swift in Sources */ = {isa = PBXBuildFile; fileRef = 91B98F542964D5BB009DE840 /* ItemModel.swift */; };
		91B98F582964DA22009DE840 /* ListViewModel.swift in Sources */ = {isa = PBXBuildFile; fileRef = 91B98F572964DA22009DE840 /* ListViewModel.swift */; };
		91F77A75296843F200A932C1 /* NoItemsView.swift in Sources */ = {isa = PBXBuildFile; fileRef = 91F77A74296843F200A932C1 /* NoItemsView.swift */; };
/* End PBXBuildFile section */

/* Begin PBXFileReference section */
		91B98F3A2964CF5E009DE840 /* TodoMvvmSwiftUI.app */ = {isa = PBXFileReference; explicitFileType = wrapper.application; includeInIndex = 0; path = TodoMvvmSwiftUI.app; sourceTree = BUILT_PRODUCTS_DIR; };
		91B98F3D2964CF5E009DE840 /* TodoMvvmSwiftUIApp.swift */ = {isa = PBXFileReference; lastKnownFileType = sourcecode.swift; path = TodoMvvmSwiftUIApp.swift; sourceTree = "<group>"; };
		91B98F412964CF5F009DE840 /* Assets.xcassets */ = {isa = PBXFileReference; lastKnownFileType = folder.assetcatalog; path = Assets.xcassets; sourceTree = "<group>"; };
		91B98F432964CF5F009DE840 /* TodoMvvmSwiftUI.entitlements */ = {isa = PBXFileReference; lastKnownFileType = text.plist.entitlements; path = TodoMvvmSwiftUI.entitlements; sourceTree = "<group>"; };
		91B98F452964CF5F009DE840 /* Preview Assets.xcassets */ = {isa = PBXFileReference; lastKnownFileType = folder.assetcatalog; path = "Preview Assets.xcassets"; sourceTree = "<group>"; };
		91B98F4D2964D0B6009DE840 /* ListView.swift */ = {isa = PBXFileReference; lastKnownFileType = sourcecode.swift; path = ListView.swift; sourceTree = "<group>"; };
		91B98F4F2964D1B0009DE840 /* ListRowView.swift */ = {isa = PBXFileReference; lastKnownFileType = sourcecode.swift; path = ListRowView.swift; sourceTree = "<group>"; };
		91B98F512964D3B6009DE840 /* AddView.swift */ = {isa = PBXFileReference; lastKnownFileType = sourcecode.swift; path = AddView.swift; sourceTree = "<group>"; };
		91B98F542964D5BB009DE840 /* ItemModel.swift */ = {isa = PBXFileReference; lastKnownFileType = sourcecode.swift; path = ItemModel.swift; sourceTree = "<group>"; };
		91B98F572964DA22009DE840 /* ListViewModel.swift */ = {isa = PBXFileReference; lastKnownFileType = sourcecode.swift; path = ListViewModel.swift; sourceTree = "<group>"; };
		91F77A74296843F200A932C1 /* NoItemsView.swift */ = {isa = PBXFileReference; lastKnownFileType = sourcecode.swift; path = NoItemsView.swift; sourceTree = "<group>"; };
/* End PBXFileReference section */

/* Begin PBXFrameworksBuildPhase section */
		91B98F372964CF5E009DE840 /* Frameworks */ = {
			isa = PBXFrameworksBuildPhase;
			buildActionMask = 2147483647;
			files = (
			);
			runOnlyForDeploymentPostprocessing = 0;
		};
/* End PBXFrameworksBuildPhase section */

/* Begin PBXGroup section */
		91B98F312964CF5E009DE840 = {
			isa = PBXGroup;
			children = (
				91B98F3C2964CF5E009DE840 /* TodoMvvmSwiftUI */,
				91B98F3B2964CF5E009DE840 /* Products */,
			);
			sourceTree = "<group>";
		};
		91B98F3B2964CF5E009DE840 /* Products */ = {
			isa = PBXGroup;
			children = (
				91B98F3A2964CF5E009DE840 /* TodoMvvmSwiftUI.app */,
			);
			name = Products;
			sourceTree = "<group>";
		};
		91B98F3C2964CF5E009DE840 /* TodoMvvmSwiftUI */ = {
			isa = PBXGroup;
			children = (
				91B98F562964DA0C009DE840 /* ViewModels */,
				91B98F532964D5A7009DE840 /* Models */,
				91B98F4C2964D09A009DE840 /* Views */,
				91B98F3D2964CF5E009DE840 /* TodoMvvmSwiftUIApp.swift */,
				91B98F412964CF5F009DE840 /* Assets.xcassets */,
				91B98F432964CF5F009DE840 /* TodoMvvmSwiftUI.entitlements */,
				91B98F442964CF5F009DE840 /* Preview Content */,
			);
			path = TodoMvvmSwiftUI;
			sourceTree = "<group>";
		};
		91B98F442964CF5F009DE840 /* Preview Content */ = {
			isa = PBXGroup;
			children = (
				91B98F452964CF5F009DE840 /* Preview Assets.xcassets */,
			);
			path = "Preview Content";
			sourceTree = "<group>";
		};
		91B98F4C2964D09A009DE840 /* Views */ = {
			isa = PBXGroup;
			children = (
				91B98F4D2964D0B6009DE840 /* ListView.swift */,
				91B98F4F2964D1B0009DE840 /* ListRowView.swift */,
				91B98F512964D3B6009DE840 /* AddView.swift */,
				91F77A74296843F200A932C1 /* NoItemsView.swift */,
			);
			path = Views;
			sourceTree = "<group>";
		};
		91B98F532964D5A7009DE840 /* Models */ = {
			isa = PBXGroup;
			children = (
				91B98F542964D5BB009DE840 /* ItemModel.swift */,
			);
			path = Models;
			sourceTree = "<group>";
		};
		91B98F562964DA0C009DE840 /* ViewModels */ = {
			isa = PBXGroup;
			children = (
				91B98F572964DA22009DE840 /* ListViewModel.swift */,
			);
			path = ViewModels;
			sourceTree = "<group>";
		};
/* End PBXGroup section */

/* Begin PBXNativeTarget section */
		91B98F392964CF5E009DE840 /* TodoMvvmSwiftUI */ = {
			isa = PBXNativeTarget;
			buildConfigurationList = 91B98F492964CF5F009DE840 /* Build configuration list for PBXNativeTarget "TodoMvvmSwiftUI" */;
			buildPhases = (
				91B98F362964CF5E009DE840 /* Sources */,
				91B98F372964CF5E009DE840 /* Frameworks */,
				91B98F382964CF5E009DE840 /* Resources */,
			);
			buildRules = (
			);
			dependencies = (
			);
			name = TodoMvvmSwiftUI;
			productName = TodoMvvmSwiftUI;
			productReference = 91B98F3A2964CF5E009DE840 /* TodoMvvmSwiftUI.app */;
			productType = "com.apple.product-type.application";
		};
/* End PBXNativeTarget section */

/* Begin PBXProject section */
		91B98F322964CF5E009DE840 /* Project object */ = {
			isa = PBXProject;
			attributes = {
				BuildIndependentTargetsInParallel = 1;
				LastSwiftUpdateCheck = 1410;
				LastUpgradeCheck = 1410;
				TargetAttributes = {
					91B98F392964CF5E009DE840 = {
						CreatedOnToolsVersion = 14.1;
					};
				};
			};
			buildConfigurationList = 91B98F352964CF5E009DE840 /* Build configuration list for PBXProject "TodoMvvmSwiftUI" */;
			compatibilityVersion = "Xcode 14.0";
			developmentRegion = en;
			hasScannedForEncodings = 0;
			knownRegions = (
				en,
				Base,
			);
			mainGroup = 91B98F312964CF5E009DE840;
			productRefGroup = 91B98F3B2964CF5E009DE840 /* Products */;
			projectDirPath = "";
			projectRoot = "";
			targets = (
				91B98F392964CF5E009DE840 /* TodoMvvmSwiftUI */,
			);
		};
/* End PBXProject section */

/* Begin PBXResourcesBuildPhase section */
		91B98F382964CF5E009DE840 /* Resources */ = {
			isa = PBXResourcesBuildPhase;
			buildActionMask = 2147483647;
			files = (
				91B98F462964CF5F009DE840 /* Preview Assets.xcassets in Resources */,
				91B98F422964CF5F009DE840 /* Assets.xcassets in Resources */,
			);
			runOnlyForDeploymentPostprocessing = 0;
		};
/* End PBXResourcesBuildPhase section */

/* Begin PBXSourcesBuildPhase section */
		91B98F362964CF5E009DE840 /* Sources */ = {
			isa = PBXSourcesBuildPhase;
			buildActionMask = 2147483647;
			files = (
				91B98F552964D5BB009DE840 /* ItemModel.swift in Sources */,
				91B98F522964D3B6009DE840 /* AddView.swift in Sources */,
				91B98F582964DA22009DE840 /* ListViewModel.swift in Sources */,
				91B98F3E2964CF5E009DE840 /* TodoMvvmSwiftUIApp.swift in Sources */,
				91B98F4E2964D0B6009DE840 /* ListView.swift in Sources */,
				91F77A75296843F200A932C1 /* NoItemsView.swift in Sources */,
				91B98F502964D1B0009DE840 /* ListRowView.swift in Sources */,
			);
			runOnlyForDeploymentPostprocessing = 0;
		};
/* End PBXSourcesBuildPhase section */

/* Begin XCBuildConfiguration section */
		91B98F472964CF5F009DE840 /* Debug */ = {
			isa = XCBuildConfiguration;
			buildSettings = {
				ALWAYS_SEARCH_USER_PATHS = NO;
				CLANG_ANALYZER_NONNULL = YES;
				CLANG_ANALYZER_NUMBER_OBJECT_CONVERSION = YES_AGGRESSIVE;
				CLANG_CXX_LANGUAGE_STANDARD = "gnu++20";
				CLANG_ENABLE_MODULES = YES;
				CLANG_ENABLE_OBJC_ARC = YES;
				CLANG_ENABLE_OBJC_WEAK = YES;
				CLANG_WARN_BLOCK_CAPTURE_AUTORELEASING = YES;
				CLANG_WARN_BOOL_CONVERSION = YES;
				CLANG_WARN_COMMA = YES;
				CLANG_WARN_CONSTANT_CONVERSION = YES;
				CLANG_WARN_DEPRECATED_OBJC_IMPLEMENTATIONS = YES;
				CLANG_WARN_DIRECT_OBJC_ISA_USAGE = YES_ERROR;
				CLANG_WARN_DOCUMENTATION_COMMENTS = YES;
				CLANG_WARN_EMPTY_BODY = YES;
				CLANG_WARN_ENUM_CONVERSION = YES;
				CLANG_WARN_INFINITE_RECURSION = YES;
				CLANG_WARN_INT_CONVERSION = YES;
				CLANG_WARN_NON_LITERAL_NULL_CONVERSION = YES;
				CLANG_WARN_OBJC_IMPLICIT_RETAIN_SELF = YES;
				CLANG_WARN_OBJC_LITERAL_CONVERSION = YES;
				CLANG_WARN_OBJC_ROOT_CLASS = YES_ERROR;
				CLANG_WARN_QUOTED_INCLUDE_IN_FRAMEWORK_HEADER = YES;
				CLANG_WARN_RANGE_LOOP_ANALYSIS = YES;
				CLANG_WARN_STRICT_PROTOTYPES = YES;
				CLANG_WARN_SUSPICIOUS_MOVE = YES;
				CLANG_WARN_UNGUARDED_AVAILABILITY = YES_AGGRESSIVE;
				CLANG_WARN_UNREACHABLE_CODE = YES;
				CLANG_WARN__DUPLICATE_METHOD_MATCH = YES;
				COPY_PHASE_STRIP = NO;
				DEBUG_INFORMATION_FORMAT = dwarf;
				ENABLE_STRICT_OBJC_MSGSEND = YES;
				ENABLE_TESTABILITY = YES;
				GCC_C_LANGUAGE_STANDARD = gnu11;
				GCC_DYNAMIC_NO_PIC = NO;
				GCC_NO_COMMON_BLOCKS = YES;
				GCC_OPTIMIZATION_LEVEL = 0;
				GCC_PREPROCESSOR_DEFINITIONS = (
					"DEBUG=1",
					"$(inherited)",
				);
				GCC_WARN_64_TO_32_BIT_CONVERSION = YES;
				GCC_WARN_ABOUT_RETURN_TYPE = YES_ERROR;
				GCC_WARN_UNDECLARED_SELECTOR = YES;
				GCC_WARN_UNINITIALIZED_AUTOS = YES_AGGRESSIVE;
				GCC_WARN_UNUSED_FUNCTION = YES;
				GCC_WARN_UNUSED_VARIABLE = YES;
				MTL_ENABLE_DEBUG_INFO = INCLUDE_SOURCE;
				MTL_FAST_MATH = YES;
				ONLY_ACTIVE_ARCH = YES;
				SWIFT_ACTIVE_COMPILATION_CONDITIONS = DEBUG;
				SWIFT_OPTIMIZATION_LEVEL = "-Onone";
			};
			name = Debug;
		};
		91B98F482964CF5F009DE840 /* Release */ = {
			isa = XCBuildConfiguration;
			buildSettings = {
				ALWAYS_SEARCH_USER_PATHS = NO;
				CLANG_ANALYZER_NONNULL = YES;
				CLANG_ANALYZER_NUMBER_OBJECT_CONVERSION = YES_AGGRESSIVE;
				CLANG_CXX_LANGUAGE_STANDARD = "gnu++20";
				CLANG_ENABLE_MODULES = YES;
				CLANG_ENABLE_OBJC_ARC = YES;
				CLANG_ENABLE_OBJC_WEAK = YES;
				CLANG_WARN_BLOCK_CAPTURE_AUTORELEASING = YES;
				CLANG_WARN_BOOL_CONVERSION = YES;
				CLANG_WARN_COMMA = YES;
				CLANG_WARN_CONSTANT_CONVERSION = YES;
				CLANG_WARN_DEPRECATED_OBJC_IMPLEMENTATIONS = YES;
				CLANG_WARN_DIRECT_OBJC_ISA_USAGE = YES_ERROR;
				CLANG_WARN_DOCUMENTATION_COMMENTS = YES;
				CLANG_WARN_EMPTY_BODY = YES;
				CLANG_WARN_ENUM_CONVERSION = YES;
				CLANG_WARN_INFINITE_RECURSION = YES;
				CLANG_WARN_INT_CONVERSION = YES;
				CLANG_WARN_NON_LITERAL_NULL_CONVERSION = YES;
				CLANG_WARN_OBJC_IMPLICIT_RETAIN_SELF = YES;
				CLANG_WARN_OBJC_LITERAL_CONVERSION = YES;
				CLANG_WARN_OBJC_ROOT_CLASS = YES_ERROR;
				CLANG_WARN_QUOTED_INCLUDE_IN_FRAMEWORK_HEADER = YES;
				CLANG_WARN_RANGE_LOOP_ANALYSIS = YES;
				CLANG_WARN_STRICT_PROTOTYPES = YES;
				CLANG_WARN_SUSPICIOUS_MOVE = YES;
				CLANG_WARN_UNGUARDED_AVAILABILITY = YES_AGGRESSIVE;
				CLANG_WARN_UNREACHABLE_CODE = YES;
				CLANG_WARN__DUPLICATE_METHOD_MATCH = YES;
				COPY_PHASE_STRIP = NO;
				DEBUG_INFORMATION_FORMAT = "dwarf-with-dsym";
				ENABLE_NS_ASSERTIONS = NO;
				ENABLE_STRICT_OBJC_MSGSEND = YES;
				GCC_C_LANGUAGE_STANDARD = gnu11;
				GCC_NO_COMMON_BLOCKS = YES;
				GCC_WARN_64_TO_32_BIT_CONVERSION = YES;
				GCC_WARN_ABOUT_RETURN_TYPE = YES_ERROR;
				GCC_WARN_UNDECLARED_SELECTOR = YES;
				GCC_WARN_UNINITIALIZED_AUTOS = YES_AGGRESSIVE;
				GCC_WARN_UNUSED_FUNCTION = YES;
				GCC_WARN_UNUSED_VARIABLE = YES;
				MTL_ENABLE_DEBUG_INFO = NO;
				MTL_FAST_MATH = YES;
				SWIFT_COMPILATION_MODE = wholemodule;
				SWIFT_OPTIMIZATION_LEVEL = "-O";
			};
			name = Release;
		};
		91B98F4A2964CF5F009DE840 /* Debug */ = {
			isa = XCBuildConfiguration;
			buildSettings = {
				ASSETCATALOG_COMPILER_APPICON_NAME = AppIcon;
				ASSETCATALOG_COMPILER_GLOBAL_ACCENT_COLOR_NAME = AccentColor;
				CODE_SIGN_ENTITLEMENTS = TodoMvvmSwiftUI/TodoMvvmSwiftUI.entitlements;
				CODE_SIGN_STYLE = Automatic;
				CURRENT_PROJECT_VERSION = 1;
				DEVELOPMENT_ASSET_PATHS = "\"TodoMvvmSwiftUI/Preview Content\"";
				DEVELOPMENT_TEAM = TC9Z7F2A7M;
				ENABLE_HARDENED_RUNTIME = YES;
				ENABLE_PREVIEWS = YES;
				GENERATE_INFOPLIST_FILE = YES;
				"INFOPLIST_KEY_UIApplicationSceneManifest_Generation[sdk=iphoneos*]" = YES;
				"INFOPLIST_KEY_UIApplicationSceneManifest_Generation[sdk=iphonesimulator*]" = YES;
				"INFOPLIST_KEY_UIApplicationSupportsIndirectInputEvents[sdk=iphoneos*]" = YES;
				"INFOPLIST_KEY_UIApplicationSupportsIndirectInputEvents[sdk=iphonesimulator*]" = YES;
				"INFOPLIST_KEY_UILaunchScreen_Generation[sdk=iphoneos*]" = YES;
				"INFOPLIST_KEY_UILaunchScreen_Generation[sdk=iphonesimulator*]" = YES;
				"INFOPLIST_KEY_UIStatusBarStyle[sdk=iphoneos*]" = UIStatusBarStyleDefault;
				"INFOPLIST_KEY_UIStatusBarStyle[sdk=iphonesimulator*]" = UIStatusBarStyleDefault;
				INFOPLIST_KEY_UISupportedInterfaceOrientations_iPad = "UIInterfaceOrientationPortrait UIInterfaceOrientationPortraitUpsideDown UIInterfaceOrientationLandscapeLeft UIInterfaceOrientationLandscapeRight";
				INFOPLIST_KEY_UISupportedInterfaceOrientations_iPhone = "UIInterfaceOrientationPortrait UIInterfaceOrientationLandscapeLeft UIInterfaceOrientationLandscapeRight";
				IPHONEOS_DEPLOYMENT_TARGET = 16.1;
				LD_RUNPATH_SEARCH_PATHS = "@executable_path/Frameworks";
				"LD_RUNPATH_SEARCH_PATHS[sdk=macosx*]" = "@executable_path/../Frameworks";
				MACOSX_DEPLOYMENT_TARGET = 13.0;
				MARKETING_VERSION = 1.0;
				PRODUCT_BUNDLE_IDENTIFIER = com.ruben.TodoMvvmSwiftUI;
				PRODUCT_NAME = "$(TARGET_NAME)";
				SDKROOT = auto;
				SUPPORTED_PLATFORMS = "iphoneos iphonesimulator macosx";
				SWIFT_EMIT_LOC_STRINGS = YES;
				SWIFT_VERSION = 5.0;
				TARGETED_DEVICE_FAMILY = "1,2";
			};
			name = Debug;
		};
		91B98F4B2964CF5F009DE840 /* Release */ = {
			isa = XCBuildConfiguration;
			buildSettings = {
				ASSETCATALOG_COMPILER_APPICON_NAME = AppIcon;
				ASSETCATALOG_COMPILER_GLOBAL_ACCENT_COLOR_NAME = AccentColor;
				CODE_SIGN_ENTITLEMENTS = TodoMvvmSwiftUI/TodoMvvmSwiftUI.entitlements;
				CODE_SIGN_STYLE = Automatic;
				CURRENT_PROJECT_VERSION = 1;
				DEVELOPMENT_ASSET_PATHS = "\"TodoMvvmSwiftUI/Preview Content\"";
				DEVELOPMENT_TEAM = TC9Z7F2A7M;
				ENABLE_HARDENED_RUNTIME = YES;
				ENABLE_PREVIEWS = YES;
				GENERATE_INFOPLIST_FILE = YES;
				"INFOPLIST_KEY_UIApplicationSceneManifest_Generation[sdk=iphoneos*]" = YES;
				"INFOPLIST_KEY_UIApplicationSceneManifest_Generation[sdk=iphonesimulator*]" = YES;
				"INFOPLIST_KEY_UIApplicationSupportsIndirectInputEvents[sdk=iphoneos*]" = YES;
				"INFOPLIST_KEY_UIApplicationSupportsIndirectInputEvents[sdk=iphonesimulator*]" = YES;
				"INFOPLIST_KEY_UILaunchScreen_Generation[sdk=iphoneos*]" = YES;
				"INFOPLIST_KEY_UILaunchScreen_Generation[sdk=iphonesimulator*]" = YES;
				"INFOPLIST_KEY_UIStatusBarStyle[sdk=iphoneos*]" = UIStatusBarStyleDefault;
				"INFOPLIST_KEY_UIStatusBarStyle[sdk=iphonesimulator*]" = UIStatusBarStyleDefault;
				INFOPLIST_KEY_UISupportedInterfaceOrientations_iPad = "UIInterfaceOrientationPortrait UIInterfaceOrientationPortraitUpsideDown UIInterfaceOrientationLandscapeLeft UIInterfaceOrientationLandscapeRight";
				INFOPLIST_KEY_UISupportedInterfaceOrientations_iPhone = "UIInterfaceOrientationPortrait UIInterfaceOrientationLandscapeLeft UIInterfaceOrientationLandscapeRight";
				IPHONEOS_DEPLOYMENT_TARGET = 16.1;
				LD_RUNPATH_SEARCH_PATHS = "@executable_path/Frameworks";
				"LD_RUNPATH_SEARCH_PATHS[sdk=macosx*]" = "@executable_path/../Frameworks";
				MACOSX_DEPLOYMENT_TARGET = 13.0;
				MARKETING_VERSION = 1.0;
				PRODUCT_BUNDLE_IDENTIFIER = com.ruben.TodoMvvmSwiftUI;
				PRODUCT_NAME = "$(TARGET_NAME)";
				SDKROOT = auto;
				SUPPORTED_PLATFORMS = "iphoneos iphonesimulator macosx";
				SWIFT_EMIT_LOC_STRINGS = YES;
				SWIFT_VERSION = 5.0;
				TARGETED_DEVICE_FAMILY = "1,2";
			};
			name = Release;
		};
/* End XCBuildConfiguration section */

/* Begin XCConfigurationList section */
		91B98F352964CF5E009DE840 /* Build configuration list for PBXProject "TodoMvvmSwiftUI" */ = {
			isa = XCConfigurationList;
			buildConfigurations = (
				91B98F472964CF5F009DE840 /* Debug */,
				91B98F482964CF5F009DE840 /* Release */,
			);
			defaultConfigurationIsVisible = 0;
			defaultConfigurationName = Release;
		};
		91B98F492964CF5F009DE840 /* Build configuration list for PBXNativeTarget "TodoMvvmSwiftUI" */ = {
			isa = XCConfigurationList;
			buildConfigurations = (
				91B98F4A2964CF5F009DE840 /* Debug */,
				91B98F4B2964CF5F009DE840 /* Release */,
			);
			defaultConfigurationIsVisible = 0;
			defaultConfigurationName = Release;
		};
/* End XCConfigurationList section */
	};
	rootObject = 91B98F322964CF5E009DE840 /* Project object */;
}
